// !$*UTF8*$!
{
	archiveVersion = 1;
	classes = {
	};
	objectVersion = 56;
	objects = {

/* Begin PBXBuildFile section */
		7B486C702C3CAF74001361DA /* Credit_for_IOSApp.swift in Sources */ = {isa = PBXBuildFile; fileRef = 7B486C6F2C3CAF74001361DA /* Credit_for_IOSApp.swift */; };
		7B486C722C3CAF74001361DA /* ContentView.swift in Sources */ = {isa = PBXBuildFile; fileRef = 7B486C712C3CAF74001361DA /* ContentView.swift */; };
		7B486C742C3CAF75001361DA /* Assets.xcassets in Resources */ = {isa = PBXBuildFile; fileRef = 7B486C732C3CAF75001361DA /* Assets.xcassets */; };
		7B486C772C3CAF75001361DA /* Preview Assets.xcassets in Resources */ = {isa = PBXBuildFile; fileRef = 7B486C762C3CAF75001361DA /* Preview Assets.xcassets */; };
		7B486C812C3CAF75001361DA /* Credit_for_IOSTests.swift in Sources */ = {isa = PBXBuildFile; fileRef = 7B486C802C3CAF75001361DA /* Credit_for_IOSTests.swift */; };
		7B486C8B2C3CAF75001361DA /* Credit_for_IOSUITests.swift in Sources */ = {isa = PBXBuildFile; fileRef = 7B486C8A2C3CAF75001361DA /* Credit_for_IOSUITests.swift */; };
		7B486C8D2C3CAF75001361DA /* Credit_for_IOSUITestsLaunchTests.swift in Sources */ = {isa = PBXBuildFile; fileRef = 7B486C8C2C3CAF75001361DA /* Credit_for_IOSUITestsLaunchTests.swift */; };
		7BCCB08B2C3E1D39007CCE86 /* Home.swift in Sources */ = {isa = PBXBuildFile; fileRef = 7BCCB08A2C3E1D39007CCE86 /* Home.swift */; };
		7BCCB08C2C3E1D39007CCE86 /* Home.swift in Sources */ = {isa = PBXBuildFile; fileRef = 7BCCB08A2C3E1D39007CCE86 /* Home.swift */; };
		7BCCB08D2C3E1D39007CCE86 /* Home.swift in Sources */ = {isa = PBXBuildFile; fileRef = 7BCCB08A2C3E1D39007CCE86 /* Home.swift */; };
		7BCCB08F2C3E1E1E007CCE86 /* Data.swift in Sources */ = {isa = PBXBuildFile; fileRef = 7BCCB08E2C3E1E1E007CCE86 /* Data.swift */; };
		7BCCB0902C3E1E1E007CCE86 /* Data.swift in Sources */ = {isa = PBXBuildFile; fileRef = 7BCCB08E2C3E1E1E007CCE86 /* Data.swift */; };
		7BCCB0912C3E1E1E007CCE86 /* Data.swift in Sources */ = {isa = PBXBuildFile; fileRef = 7BCCB08E2C3E1E1E007CCE86 /* Data.swift */; };
		7BCCB0932C3E1E26007CCE86 /* Settings.swift in Sources */ = {isa = PBXBuildFile; fileRef = 7BCCB0922C3E1E26007CCE86 /* Settings.swift */; };
		7BCCB0942C3E1E26007CCE86 /* Settings.swift in Sources */ = {isa = PBXBuildFile; fileRef = 7BCCB0922C3E1E26007CCE86 /* Settings.swift */; };
		7BCCB0952C3E1E26007CCE86 /* Settings.swift in Sources */ = {isa = PBXBuildFile; fileRef = 7BCCB0922C3E1E26007CCE86 /* Settings.swift */; };
/* End PBXBuildFile section */

/* Begin PBXContainerItemProxy section */
		7B486C7D2C3CAF75001361DA /* PBXContainerItemProxy */ = {
			isa = PBXContainerItemProxy;
			containerPortal = 7B486C642C3CAF74001361DA /* Project object */;
			proxyType = 1;
			remoteGlobalIDString = 7B486C6B2C3CAF74001361DA;
			remoteInfo = "Credit for IOS";
		};
		7B486C872C3CAF75001361DA /* PBXContainerItemProxy */ = {
			isa = PBXContainerItemProxy;
			containerPortal = 7B486C642C3CAF74001361DA /* Project object */;
			proxyType = 1;
			remoteGlobalIDString = 7B486C6B2C3CAF74001361DA;
			remoteInfo = "Credit for IOS";
		};
/* End PBXContainerItemProxy section */

/* Begin PBXFileReference section */
		7B486C6C2C3CAF74001361DA /* Credit for IOS.app */ = {isa = PBXFileReference; explicitFileType = wrapper.application; includeInIndex = 0; path = "Credit for IOS.app"; sourceTree = BUILT_PRODUCTS_DIR; };
		7B486C6F2C3CAF74001361DA /* Credit_for_IOSApp.swift */ = {isa = PBXFileReference; lastKnownFileType = sourcecode.swift; path = Credit_for_IOSApp.swift; sourceTree = "<group>"; };
		7B486C712C3CAF74001361DA /* ContentView.swift */ = {isa = PBXFileReference; lastKnownFileType = sourcecode.swift; path = ContentView.swift; sourceTree = "<group>"; };
		7B486C732C3CAF75001361DA /* Assets.xcassets */ = {isa = PBXFileReference; lastKnownFileType = folder.assetcatalog; path = Assets.xcassets; sourceTree = "<group>"; };
		7B486C762C3CAF75001361DA /* Preview Assets.xcassets */ = {isa = PBXFileReference; lastKnownFileType = folder.assetcatalog; path = "Preview Assets.xcassets"; sourceTree = "<group>"; };
		7B486C7C2C3CAF75001361DA /* Credit for IOSTests.xctest */ = {isa = PBXFileReference; explicitFileType = wrapper.cfbundle; includeInIndex = 0; path = "Credit for IOSTests.xctest"; sourceTree = BUILT_PRODUCTS_DIR; };
		7B486C802C3CAF75001361DA /* Credit_for_IOSTests.swift */ = {isa = PBXFileReference; lastKnownFileType = sourcecode.swift; path = Credit_for_IOSTests.swift; sourceTree = "<group>"; };
		7B486C862C3CAF75001361DA /* Credit for IOSUITests.xctest */ = {isa = PBXFileReference; explicitFileType = wrapper.cfbundle; includeInIndex = 0; path = "Credit for IOSUITests.xctest"; sourceTree = BUILT_PRODUCTS_DIR; };
		7B486C8A2C3CAF75001361DA /* Credit_for_IOSUITests.swift */ = {isa = PBXFileReference; lastKnownFileType = sourcecode.swift; path = Credit_for_IOSUITests.swift; sourceTree = "<group>"; };
		7B486C8C2C3CAF75001361DA /* Credit_for_IOSUITestsLaunchTests.swift */ = {isa = PBXFileReference; lastKnownFileType = sourcecode.swift; path = Credit_for_IOSUITestsLaunchTests.swift; sourceTree = "<group>"; };
		7BCCB08A2C3E1D39007CCE86 /* Home.swift */ = {isa = PBXFileReference; lastKnownFileType = sourcecode.swift; path = Home.swift; sourceTree = "<group>"; };
		7BCCB08E2C3E1E1E007CCE86 /* Data.swift */ = {isa = PBXFileReference; lastKnownFileType = sourcecode.swift; path = Data.swift; sourceTree = "<group>"; };
		7BCCB0922C3E1E26007CCE86 /* Settings.swift */ = {isa = PBXFileReference; lastKnownFileType = sourcecode.swift; path = Settings.swift; sourceTree = "<group>"; };
/* End PBXFileReference section */

/* Begin PBXFrameworksBuildPhase section */
		7B486C692C3CAF74001361DA /* Frameworks */ = {
			isa = PBXFrameworksBuildPhase;
			buildActionMask = 2147483647;
			files = (
			);
			runOnlyForDeploymentPostprocessing = 0;
		};
		7B486C792C3CAF75001361DA /* Frameworks */ = {
			isa = PBXFrameworksBuildPhase;
			buildActionMask = 2147483647;
			files = (
			);
			runOnlyForDeploymentPostprocessing = 0;
		};
		7B486C832C3CAF75001361DA /* Frameworks */ = {
			isa = PBXFrameworksBuildPhase;
			buildActionMask = 2147483647;
			files = (
			);
			runOnlyForDeploymentPostprocessing = 0;
		};
/* End PBXFrameworksBuildPhase section */

/* Begin PBXGroup section */
		7B486C632C3CAF74001361DA = {
			isa = PBXGroup;
			children = (
				7B486C6E2C3CAF74001361DA /* Credit for IOS */,
				7B486C7F2C3CAF75001361DA /* Credit for IOSTests */,
				7B486C892C3CAF75001361DA /* Credit for IOSUITests */,
				7B486C6D2C3CAF74001361DA /* Products */,
			);
			sourceTree = "<group>";
		};
		7B486C6D2C3CAF74001361DA /* Products */ = {
			isa = PBXGroup;
			children = (
				7B486C6C2C3CAF74001361DA /* Credit for IOS.app */,
				7B486C7C2C3CAF75001361DA /* Credit for IOSTests.xctest */,
				7B486C862C3CAF75001361DA /* Credit for IOSUITests.xctest */,
			);
			name = Products;
			sourceTree = "<group>";
		};
		7B486C6E2C3CAF74001361DA /* Credit for IOS */ = {
			isa = PBXGroup;
			children = (
				7B486C6F2C3CAF74001361DA /* Credit_for_IOSApp.swift */,
				7B486C712C3CAF74001361DA /* ContentView.swift */,
				7B486C732C3CAF75001361DA /* Assets.xcassets */,
				7B486C752C3CAF75001361DA /* Preview Content */,
				7BCCB08A2C3E1D39007CCE86 /* Home.swift */,
				7BCCB08E2C3E1E1E007CCE86 /* Data.swift */,
				7BCCB0922C3E1E26007CCE86 /* Settings.swift */,
			);
			path = "Credit for IOS";
			sourceTree = "<group>";
		};
		7B486C752C3CAF75001361DA /* Preview Content */ = {
			isa = PBXGroup;
			children = (
				7B486C762C3CAF75001361DA /* Preview Assets.xcassets */,
			);
			path = "Preview Content";
			sourceTree = "<group>";
		};
		7B486C7F2C3CAF75001361DA /* Credit for IOSTests */ = {
			isa = PBXGroup;
			children = (
				7B486C802C3CAF75001361DA /* Credit_for_IOSTests.swift */,
			);
			path = "Credit for IOSTests";
			sourceTree = "<group>";
		};
		7B486C892C3CAF75001361DA /* Credit for IOSUITests */ = {
			isa = PBXGroup;
			children = (
				7B486C8A2C3CAF75001361DA /* Credit_for_IOSUITests.swift */,
				7B486C8C2C3CAF75001361DA /* Credit_for_IOSUITestsLaunchTests.swift */,
			);
			path = "Credit for IOSUITests";
			sourceTree = "<group>";
		};
/* End PBXGroup section */

/* Begin PBXNativeTarget section */
		7B486C6B2C3CAF74001361DA /* Credit for IOS */ = {
			isa = PBXNativeTarget;
			buildConfigurationList = 7B486C902C3CAF75001361DA /* Build configuration list for PBXNativeTarget "Credit for IOS" */;
			buildPhases = (
				7B486C682C3CAF74001361DA /* Sources */,
				7B486C692C3CAF74001361DA /* Frameworks */,
				7B486C6A2C3CAF74001361DA /* Resources */,
			);
			buildRules = (
			);
			dependencies = (
			);
			name = "Credit for IOS";
			productName = "Credit for IOS";
			productReference = 7B486C6C2C3CAF74001361DA /* Credit for IOS.app */;
			productType = "com.apple.product-type.application";
		};
		7B486C7B2C3CAF75001361DA /* Credit for IOSTests */ = {
			isa = PBXNativeTarget;
			buildConfigurationList = 7B486C932C3CAF75001361DA /* Build configuration list for PBXNativeTarget "Credit for IOSTests" */;
			buildPhases = (
				7B486C782C3CAF75001361DA /* Sources */,
				7B486C792C3CAF75001361DA /* Frameworks */,
				7B486C7A2C3CAF75001361DA /* Resources */,
			);
			buildRules = (
			);
			dependencies = (
				7B486C7E2C3CAF75001361DA /* PBXTargetDependency */,
			);
			name = "Credit for IOSTests";
			productName = "Credit for IOSTests";
			productReference = 7B486C7C2C3CAF75001361DA /* Credit for IOSTests.xctest */;
			productType = "com.apple.product-type.bundle.unit-test";
		};
		7B486C852C3CAF75001361DA /* Credit for IOSUITests */ = {
			isa = PBXNativeTarget;
			buildConfigurationList = 7B486C962C3CAF75001361DA /* Build configuration list for PBXNativeTarget "Credit for IOSUITests" */;
			buildPhases = (
				7B486C822C3CAF75001361DA /* Sources */,
				7B486C832C3CAF75001361DA /* Frameworks */,
				7B486C842C3CAF75001361DA /* Resources */,
			);
			buildRules = (
			);
			dependencies = (
				7B486C882C3CAF75001361DA /* PBXTargetDependency */,
			);
			name = "Credit for IOSUITests";
			productName = "Credit for IOSUITests";
			productReference = 7B486C862C3CAF75001361DA /* Credit for IOSUITests.xctest */;
			productType = "com.apple.product-type.bundle.ui-testing";
		};
/* End PBXNativeTarget section */

/* Begin PBXProject section */
		7B486C642C3CAF74001361DA /* Project object */ = {
			isa = PBXProject;
			attributes = {
				BuildIndependentTargetsInParallel = 1;
				LastSwiftUpdateCheck = 1540;
				LastUpgradeCheck = 1540;
				TargetAttributes = {
					7B486C6B2C3CAF74001361DA = {
						CreatedOnToolsVersion = 15.4;
					};
					7B486C7B2C3CAF75001361DA = {
						CreatedOnToolsVersion = 15.4;
						TestTargetID = 7B486C6B2C3CAF74001361DA;
					};
					7B486C852C3CAF75001361DA = {
						CreatedOnToolsVersion = 15.4;
						TestTargetID = 7B486C6B2C3CAF74001361DA;
					};
				};
			};
			buildConfigurationList = 7B486C672C3CAF74001361DA /* Build configuration list for PBXProject "Credit for IOS" */;
			compatibilityVersion = "Xcode 14.0";
			developmentRegion = en;
			hasScannedForEncodings = 0;
			knownRegions = (
				en,
				Base,
			);
			mainGroup = 7B486C632C3CAF74001361DA;
			productRefGroup = 7B486C6D2C3CAF74001361DA /* Products */;
			projectDirPath = "";
			projectRoot = "";
			targets = (
				7B486C6B2C3CAF74001361DA /* Credit for IOS */,
				7B486C7B2C3CAF75001361DA /* Credit for IOSTests */,
				7B486C852C3CAF75001361DA /* Credit for IOSUITests */,
			);
		};
/* End PBXProject section */

/* Begin PBXResourcesBuildPhase section */
		7B486C6A2C3CAF74001361DA /* Resources */ = {
			isa = PBXResourcesBuildPhase;
			buildActionMask = 2147483647;
			files = (
				7B486C772C3CAF75001361DA /* Preview Assets.xcassets in Resources */,
				7B486C742C3CAF75001361DA /* Assets.xcassets in Resources */,
			);
			runOnlyForDeploymentPostprocessing = 0;
		};
		7B486C7A2C3CAF75001361DA /* Resources */ = {
			isa = PBXResourcesBuildPhase;
			buildActionMask = 2147483647;
			files = (
			);
			runOnlyForDeploymentPostprocessing = 0;
		};
		7B486C842C3CAF75001361DA /* Resources */ = {
			isa = PBXResourcesBuildPhase;
			buildActionMask = 2147483647;
			files = (
			);
			runOnlyForDeploymentPostprocessing = 0;
		};
/* End PBXResourcesBuildPhase section */

/* Begin PBXSourcesBuildPhase section */
		7B486C682C3CAF74001361DA /* Sources */ = {
			isa = PBXSourcesBuildPhase;
			buildActionMask = 2147483647;
			files = (
				7B486C722C3CAF74001361DA /* ContentView.swift in Sources */,
				7BCCB08B2C3E1D39007CCE86 /* Home.swift in Sources */,
				7B486C702C3CAF74001361DA /* Credit_for_IOSApp.swift in Sources */,
				7BCCB08F2C3E1E1E007CCE86 /* Data.swift in Sources */,
				7BCCB0932C3E1E26007CCE86 /* Settings.swift in Sources */,
			);
			runOnlyForDeploymentPostprocessing = 0;
		};
		7B486C782C3CAF75001361DA /* Sources */ = {
			isa = PBXSourcesBuildPhase;
			buildActionMask = 2147483647;
			files = (
				7BCCB08C2C3E1D39007CCE86 /* Home.swift in Sources */,
				7BCCB0902C3E1E1E007CCE86 /* Data.swift in Sources */,
				7BCCB0942C3E1E26007CCE86 /* Settings.swift in Sources */,
				7B486C812C3CAF75001361DA /* Credit_for_IOSTests.swift in Sources */,
			);
			runOnlyForDeploymentPostprocessing = 0;
		};
		7B486C822C3CAF75001361DA /* Sources */ = {
			isa = PBXSourcesBuildPhase;
			buildActionMask = 2147483647;
			files = (
				7B486C8B2C3CAF75001361DA /* Credit_for_IOSUITests.swift in Sources */,
				7BCCB08D2C3E1D39007CCE86 /* Home.swift in Sources */,
				7B486C8D2C3CAF75001361DA /* Credit_for_IOSUITestsLaunchTests.swift in Sources */,
				7BCCB0912C3E1E1E007CCE86 /* Data.swift in Sources */,
				7BCCB0952C3E1E26007CCE86 /* Settings.swift in Sources */,
			);
			runOnlyForDeploymentPostprocessing = 0;
		};
/* End PBXSourcesBuildPhase section */

/* Begin PBXTargetDependency section */
		7B486C7E2C3CAF75001361DA /* PBXTargetDependency */ = {
			isa = PBXTargetDependency;
			target = 7B486C6B2C3CAF74001361DA /* Credit for IOS */;
			targetProxy = 7B486C7D2C3CAF75001361DA /* PBXContainerItemProxy */;
		};
		7B486C882C3CAF75001361DA /* PBXTargetDependency */ = {
			isa = PBXTargetDependency;
			target = 7B486C6B2C3CAF74001361DA /* Credit for IOS */;
			targetProxy = 7B486C872C3CAF75001361DA /* PBXContainerItemProxy */;
		};
/* End PBXTargetDependency section */

/* Begin XCBuildConfiguration section */
		7B486C8E2C3CAF75001361DA /* Debug */ = {
			isa = XCBuildConfiguration;
			buildSettings = {
				ALWAYS_SEARCH_USER_PATHS = NO;
				ASSETCATALOG_COMPILER_GENERATE_SWIFT_ASSET_SYMBOL_EXTENSIONS = YES;
				CLANG_ANALYZER_NONNULL = YES;
				CLANG_ANALYZER_NUMBER_OBJECT_CONVERSION = YES_AGGRESSIVE;
				CLANG_CXX_LANGUAGE_STANDARD = "gnu++20";
				CLANG_ENABLE_MODULES = YES;
				CLANG_ENABLE_OBJC_ARC = YES;
				CLANG_ENABLE_OBJC_WEAK = YES;
				CLANG_WARN_BLOCK_CAPTURE_AUTORELEASING = YES;
				CLANG_WARN_BOOL_CONVERSION = YES;
				CLANG_WARN_COMMA = YES;
				CLANG_WARN_CONSTANT_CONVERSION = YES;
				CLANG_WARN_DEPRECATED_OBJC_IMPLEMENTATIONS = YES;
				CLANG_WARN_DIRECT_OBJC_ISA_USAGE = YES_ERROR;
				CLANG_WARN_DOCUMENTATION_COMMENTS = YES;
				CLANG_WARN_EMPTY_BODY = YES;
				CLANG_WARN_ENUM_CONVERSION = YES;
				CLANG_WARN_INFINITE_RECURSION = YES;
				CLANG_WARN_INT_CONVERSION = YES;
				CLANG_WARN_NON_LITERAL_NULL_CONVERSION = YES;
				CLANG_WARN_OBJC_IMPLICIT_RETAIN_SELF = YES;
				CLANG_WARN_OBJC_LITERAL_CONVERSION = YES;
				CLANG_WARN_OBJC_ROOT_CLASS = YES_ERROR;
				CLANG_WARN_QUOTED_INCLUDE_IN_FRAMEWORK_HEADER = YES;
				CLANG_WARN_RANGE_LOOP_ANALYSIS = YES;
				CLANG_WARN_STRICT_PROTOTYPES = YES;
				CLANG_WARN_SUSPICIOUS_MOVE = YES;
				CLANG_WARN_UNGUARDED_AVAILABILITY = YES_AGGRESSIVE;
				CLANG_WARN_UNREACHABLE_CODE = YES;
				CLANG_WARN__DUPLICATE_METHOD_MATCH = YES;
				COPY_PHASE_STRIP = NO;
				DEBUG_INFORMATION_FORMAT = dwarf;
				ENABLE_STRICT_OBJC_MSGSEND = YES;
				ENABLE_TESTABILITY = YES;
				ENABLE_USER_SCRIPT_SANDBOXING = YES;
				GCC_C_LANGUAGE_STANDARD = gnu17;
				GCC_DYNAMIC_NO_PIC = NO;
				GCC_NO_COMMON_BLOCKS = YES;
				GCC_OPTIMIZATION_LEVEL = 0;
				GCC_PREPROCESSOR_DEFINITIONS = (
					"DEBUG=1",
					"$(inherited)",
				);
				GCC_WARN_64_TO_32_BIT_CONVERSION = YES;
				GCC_WARN_ABOUT_RETURN_TYPE = YES_ERROR;
				GCC_WARN_UNDECLARED_SELECTOR = YES;
				GCC_WARN_UNINITIALIZED_AUTOS = YES_AGGRESSIVE;
				GCC_WARN_UNUSED_FUNCTION = YES;
				GCC_WARN_UNUSED_VARIABLE = YES;
				IPHONEOS_DEPLOYMENT_TARGET = 17.5;
				LOCALIZATION_PREFERS_STRING_CATALOGS = YES;
				MTL_ENABLE_DEBUG_INFO = INCLUDE_SOURCE;
				MTL_FAST_MATH = YES;
				ONLY_ACTIVE_ARCH = YES;
				SDKROOT = iphoneos;
				SWIFT_ACTIVE_COMPILATION_CONDITIONS = "DEBUG $(inherited)";
				SWIFT_OPTIMIZATION_LEVEL = "-Onone";
			};
			name = Debug;
		};
		7B486C8F2C3CAF75001361DA /* Release */ = {
			isa = XCBuildConfiguration;
			buildSettings = {
				ALWAYS_SEARCH_USER_PATHS = NO;
				ASSETCATALOG_COMPILER_GENERATE_SWIFT_ASSET_SYMBOL_EXTENSIONS = YES;
				CLANG_ANALYZER_NONNULL = YES;
				CLANG_ANALYZER_NUMBER_OBJECT_CONVERSION = YES_AGGRESSIVE;
				CLANG_CXX_LANGUAGE_STANDARD = "gnu++20";
				CLANG_ENABLE_MODULES = YES;
				CLANG_ENABLE_OBJC_ARC = YES;
				CLANG_ENABLE_OBJC_WEAK = YES;
				CLANG_WARN_BLOCK_CAPTURE_AUTORELEASING = YES;
				CLANG_WARN_BOOL_CONVERSION = YES;
				CLANG_WARN_COMMA = YES;
				CLANG_WARN_CONSTANT_CONVERSION = YES;
				CLANG_WARN_DEPRECATED_OBJC_IMPLEMENTATIONS = YES;
				CLANG_WARN_DIRECT_OBJC_ISA_USAGE = YES_ERROR;
				CLANG_WARN_DOCUMENTATION_COMMENTS = YES;
				CLANG_WARN_EMPTY_BODY = YES;
				CLANG_WARN_ENUM_CONVERSION = YES;
				CLANG_WARN_INFINITE_RECURSION = YES;
				CLANG_WARN_INT_CONVERSION = YES;
				CLANG_WARN_NON_LITERAL_NULL_CONVERSION = YES;
				CLANG_WARN_OBJC_IMPLICIT_RETAIN_SELF = YES;
				CLANG_WARN_OBJC_LITERAL_CONVERSION = YES;
				CLANG_WARN_OBJC_ROOT_CLASS = YES_ERROR;
				CLANG_WARN_QUOTED_INCLUDE_IN_FRAMEWORK_HEADER = YES;
				CLANG_WARN_RANGE_LOOP_ANALYSIS = YES;
				CLANG_WARN_STRICT_PROTOTYPES = YES;
				CLANG_WARN_SUSPICIOUS_MOVE = YES;
				CLANG_WARN_UNGUARDED_AVAILABILITY = YES_AGGRESSIVE;
				CLANG_WARN_UNREACHABLE_CODE = YES;
				CLANG_WARN__DUPLICATE_METHOD_MATCH = YES;
				COPY_PHASE_STRIP = NO;
				DEBUG_INFORMATION_FORMAT = "dwarf-with-dsym";
				ENABLE_NS_ASSERTIONS = NO;
				ENABLE_STRICT_OBJC_MSGSEND = YES;
				ENABLE_USER_SCRIPT_SANDBOXING = YES;
				GCC_C_LANGUAGE_STANDARD = gnu17;
				GCC_NO_COMMON_BLOCKS = YES;
				GCC_WARN_64_TO_32_BIT_CONVERSION = YES;
				GCC_WARN_ABOUT_RETURN_TYPE = YES_ERROR;
				GCC_WARN_UNDECLARED_SELECTOR = YES;
				GCC_WARN_UNINITIALIZED_AUTOS = YES_AGGRESSIVE;
				GCC_WARN_UNUSED_FUNCTION = YES;
				GCC_WARN_UNUSED_VARIABLE = YES;
				IPHONEOS_DEPLOYMENT_TARGET = 17.5;
				LOCALIZATION_PREFERS_STRING_CATALOGS = YES;
				MTL_ENABLE_DEBUG_INFO = NO;
				MTL_FAST_MATH = YES;
				SDKROOT = iphoneos;
				SWIFT_COMPILATION_MODE = wholemodule;
				VALIDATE_PRODUCT = YES;
			};
			name = Release;
		};
		7B486C912C3CAF75001361DA /* Debug */ = {
			isa = XCBuildConfiguration;
			buildSettings = {
				ASSETCATALOG_COMPILER_APPICON_NAME = AppIcon;
				ASSETCATALOG_COMPILER_GLOBAL_ACCENT_COLOR_NAME = AccentColor;
				CODE_SIGN_STYLE = Automatic;
				CURRENT_PROJECT_VERSION = 1;
				DEVELOPMENT_ASSET_PATHS = "\"Credit for IOS/Preview Content\"";
				DEVELOPMENT_TEAM = M9S699X4L6;
				ENABLE_PREVIEWS = YES;
				GENERATE_INFOPLIST_FILE = YES;
				INFOPLIST_KEY_UIApplicationSceneManifest_Generation = YES;
				INFOPLIST_KEY_UIApplicationSupportsIndirectInputEvents = YES;
				INFOPLIST_KEY_UILaunchScreen_Generation = YES;
				INFOPLIST_KEY_UISupportedInterfaceOrientations_iPad = "UIInterfaceOrientationPortrait UIInterfaceOrientationPortraitUpsideDown UIInterfaceOrientationLandscapeLeft UIInterfaceOrientationLandscapeRight";
				INFOPLIST_KEY_UISupportedInterfaceOrientations_iPhone = "UIInterfaceOrientationPortrait UIInterfaceOrientationLandscapeLeft UIInterfaceOrientationLandscapeRight";
				LD_RUNPATH_SEARCH_PATHS = (
					"$(inherited)",
					"@executable_path/Frameworks",
				);
				MARKETING_VERSION = 1.0;
				PRODUCT_BUNDLE_IDENTIFIER = "Sergio-S.A.Credit-for-IOS";
				PRODUCT_NAME = "$(TARGET_NAME)";
				SWIFT_EMIT_LOC_STRINGS = YES;
				SWIFT_VERSION = 5.0;
				TARGETED_DEVICE_FAMILY = "1,2";
			};
			name = Debug;
		};
		7B486C922C3CAF75001361DA /* Release */ = {
			isa = XCBuildConfiguration;
			buildSettings = {
				ASSETCATALOG_COMPILER_APPICON_NAME = AppIcon;
				ASSETCATALOG_COMPILER_GLOBAL_ACCENT_COLOR_NAME = AccentColor;
				CODE_SIGN_STYLE = Automatic;
				CURRENT_PROJECT_VERSION = 1;
				DEVELOPMENT_ASSET_PATHS = "\"Credit for IOS/Preview Content\"";
				DEVELOPMENT_TEAM = M9S699X4L6;
				ENABLE_PREVIEWS = YES;
				GENERATE_INFOPLIST_FILE = YES;
				INFOPLIST_KEY_UIApplicationSceneManifest_Generation = YES;
				INFOPLIST_KEY_UIApplicationSupportsIndirectInputEvents = YES;
				INFOPLIST_KEY_UILaunchScreen_Generation = YES;
				INFOPLIST_KEY_UISupportedInterfaceOrientations_iPad = "UIInterfaceOrientationPortrait UIInterfaceOrientationPortraitUpsideDown UIInterfaceOrientationLandscapeLeft UIInterfaceOrientationLandscapeRight";
				INFOPLIST_KEY_UISupportedInterfaceOrientations_iPhone = "UIInterfaceOrientationPortrait UIInterfaceOrientationLandscapeLeft UIInterfaceOrientationLandscapeRight";
				LD_RUNPATH_SEARCH_PATHS = (
					"$(inherited)",
					"@executable_path/Frameworks",
				);
				MARKETING_VERSION = 1.0;
				PRODUCT_BUNDLE_IDENTIFIER = "Sergio-S.A.Credit-for-IOS";
				PRODUCT_NAME = "$(TARGET_NAME)";
				SWIFT_EMIT_LOC_STRINGS = YES;
				SWIFT_VERSION = 5.0;
				TARGETED_DEVICE_FAMILY = "1,2";
			};
			name = Release;
		};
		7B486C942C3CAF75001361DA /* Debug */ = {
			isa = XCBuildConfiguration;
			buildSettings = {
				ALWAYS_EMBED_SWIFT_STANDARD_LIBRARIES = YES;
				BUNDLE_LOADER = "$(TEST_HOST)";
				CODE_SIGN_STYLE = Automatic;
				CURRENT_PROJECT_VERSION = 1;
				DEVELOPMENT_TEAM = M9S699X4L6;
				GENERATE_INFOPLIST_FILE = YES;
				IPHONEOS_DEPLOYMENT_TARGET = 17.5;
				MARKETING_VERSION = 1.0;
				PRODUCT_BUNDLE_IDENTIFIER = "Sergio-S.A.Credit-for-IOSTests";
				PRODUCT_NAME = "$(TARGET_NAME)";
				SWIFT_EMIT_LOC_STRINGS = NO;
				SWIFT_VERSION = 5.0;
				TARGETED_DEVICE_FAMILY = "1,2";
				TEST_HOST = "$(BUILT_PRODUCTS_DIR)/Credit for IOS.app/$(BUNDLE_EXECUTABLE_FOLDER_PATH)/Credit for IOS";
			};
			name = Debug;
		};
		7B486C952C3CAF75001361DA /* Release */ = {
			isa = XCBuildConfiguration;
			buildSettings = {
				ALWAYS_EMBED_SWIFT_STANDARD_LIBRARIES = YES;
				BUNDLE_LOADER = "$(TEST_HOST)";
				CODE_SIGN_STYLE = Automatic;
				CURRENT_PROJECT_VERSION = 1;
				DEVELOPMENT_TEAM = M9S699X4L6;
				GENERATE_INFOPLIST_FILE = YES;
				IPHONEOS_DEPLOYMENT_TARGET = 17.5;
				MARKETING_VERSION = 1.0;
				PRODUCT_BUNDLE_IDENTIFIER = "Sergio-S.A.Credit-for-IOSTests";
				PRODUCT_NAME = "$(TARGET_NAME)";
				SWIFT_EMIT_LOC_STRINGS = NO;
				SWIFT_VERSION = 5.0;
				TARGETED_DEVICE_FAMILY = "1,2";
				TEST_HOST = "$(BUILT_PRODUCTS_DIR)/Credit for IOS.app/$(BUNDLE_EXECUTABLE_FOLDER_PATH)/Credit for IOS";
			};
			name = Release;
		};
		7B486C972C3CAF75001361DA /* Debug */ = {
			isa = XCBuildConfiguration;
			buildSettings = {
				ALWAYS_EMBED_SWIFT_STANDARD_LIBRARIES = YES;
				CODE_SIGN_STYLE = Automatic;
				CURRENT_PROJECT_VERSION = 1;
				DEVELOPMENT_TEAM = M9S699X4L6;
				GENERATE_INFOPLIST_FILE = YES;
				MARKETING_VERSION = 1.0;
				PRODUCT_BUNDLE_IDENTIFIER = "Sergio-S.A.Credit-for-IOSUITests";
				PRODUCT_NAME = "$(TARGET_NAME)";
				SWIFT_EMIT_LOC_STRINGS = NO;
				SWIFT_VERSION = 5.0;
				TARGETED_DEVICE_FAMILY = "1,2";
				TEST_TARGET_NAME = "Credit for IOS";
			};
			name = Debug;
		};
		7B486C982C3CAF75001361DA /* Release */ = {
			isa = XCBuildConfiguration;
			buildSettings = {
				ALWAYS_EMBED_SWIFT_STANDARD_LIBRARIES = YES;
				CODE_SIGN_STYLE = Automatic;
				CURRENT_PROJECT_VERSION = 1;
				DEVELOPMENT_TEAM = M9S699X4L6;
				GENERATE_INFOPLIST_FILE = YES;
				MARKETING_VERSION = 1.0;
				PRODUCT_BUNDLE_IDENTIFIER = "Sergio-S.A.Credit-for-IOSUITests";
				PRODUCT_NAME = "$(TARGET_NAME)";
				SWIFT_EMIT_LOC_STRINGS = NO;
				SWIFT_VERSION = 5.0;
				TARGETED_DEVICE_FAMILY = "1,2";
				TEST_TARGET_NAME = "Credit for IOS";
			};
			name = Release;
		};
/* End XCBuildConfiguration section */

/* Begin XCConfigurationList section */
		7B486C672C3CAF74001361DA /* Build configuration list for PBXProject "Credit for IOS" */ = {
			isa = XCConfigurationList;
			buildConfigurations = (
				7B486C8E2C3CAF75001361DA /* Debug */,
				7B486C8F2C3CAF75001361DA /* Release */,
			);
			defaultConfigurationIsVisible = 0;
			defaultConfigurationName = Release;
		};
		7B486C902C3CAF75001361DA /* Build configuration list for PBXNativeTarget "Credit for IOS" */ = {
			isa = XCConfigurationList;
			buildConfigurations = (
				7B486C912C3CAF75001361DA /* Debug */,
				7B486C922C3CAF75001361DA /* Release */,
			);
			defaultConfigurationIsVisible = 0;
			defaultConfigurationName = Release;
		};
		7B486C932C3CAF75001361DA /* Build configuration list for PBXNativeTarget "Credit for IOSTests" */ = {
			isa = XCConfigurationList;
			buildConfigurations = (
				7B486C942C3CAF75001361DA /* Debug */,
				7B486C952C3CAF75001361DA /* Release */,
			);
			defaultConfigurationIsVisible = 0;
			defaultConfigurationName = Release;
		};
		7B486C962C3CAF75001361DA /* Build configuration list for PBXNativeTarget "Credit for IOSUITests" */ = {
			isa = XCConfigurationList;
			buildConfigurations = (
				7B486C972C3CAF75001361DA /* Debug */,
				7B486C982C3CAF75001361DA /* Release */,
			);
			defaultConfigurationIsVisible = 0;
			defaultConfigurationName = Release;
		};
/* End XCConfigurationList section */
	};
	rootObject = 7B486C642C3CAF74001361DA /* Project object */;
}
